
Microsoft Visual Studio Solution File, Format Version 12.00
Project("{FAE04EC0-301F-11D3-BF4B-00C04F79EFBC}") = "BotC_PDFer_3", "BotC_PDFer_3\BotC_PDFer_3.csproj", "{28BF50FA-B8FA-43E0-889C-CDDC48FF70BE}"
EndProject
Global
	GlobalSection(SolutionConfigurationPlatforms) = preSolution
		Debug|Any CPU = Debug|Any CPU
		Release|Any CPU = Release|Any CPU
	EndGlobalSection
	GlobalSection(ProjectConfigurationPlatforms) = postSolution
		{28BF50FA-B8FA-43E0-889C-CDDC48FF70BE}.Debug|Any CPU.ActiveCfg = Debug|Any CPU
		{28BF50FA-B8FA-43E0-889C-CDDC48FF70BE}.Debug|Any CPU.Build.0 = Debug|Any CPU
		{28BF50FA-B8FA-43E0-889C-CDDC48FF70BE}.Release|Any CPU.ActiveCfg = Release|Any CPU
		{28BF50FA-B8FA-43E0-889C-CDDC48FF70BE}.Release|Any CPU.Build.0 = Release|Any CPU
	EndGlobalSection
EndGlobal
